// !$*UTF8*$!
{
	archiveVersion = 1;
	classes = {
	};
	objectVersion = 46;
	objects = {

/* Begin PBXBuildFile section */
		D01A63741C0FD8C200CE1764 /* vistaIngredientes.swift in Sources */ = {isa = PBXBuildFile; fileRef = D01A63731C0FD8C200CE1764 /* vistaIngredientes.swift */; };
		D0B413F11C0EB3B00080E816 /* vistaMasa.swift in Sources */ = {isa = PBXBuildFile; fileRef = D0B413F01C0EB3B00080E816 /* vistaMasa.swift */; };
		D0B413F31C0EC0B50080E816 /* vistaQueso.swift in Sources */ = {isa = PBXBuildFile; fileRef = D0B413F21C0EC0B40080E816 /* vistaQueso.swift */; };
		D0B9E3EA1C0C11F1001DA60F /* AppDelegate.swift in Sources */ = {isa = PBXBuildFile; fileRef = D0B9E3E91C0C11F1001DA60F /* AppDelegate.swift */; };
		D0B9E3EC1C0C11F1001DA60F /* ViewController.swift in Sources */ = {isa = PBXBuildFile; fileRef = D0B9E3EB1C0C11F1001DA60F /* ViewController.swift */; };
		D0B9E3EF1C0C11F1001DA60F /* Main.storyboard in Resources */ = {isa = PBXBuildFile; fileRef = D0B9E3ED1C0C11F1001DA60F /* Main.storyboard */; };
		D0B9E3F11C0C11F1001DA60F /* Assets.xcassets in Resources */ = {isa = PBXBuildFile; fileRef = D0B9E3F01C0C11F1001DA60F /* Assets.xcassets */; };
		D0B9E3F41C0C11F1001DA60F /* LaunchScreen.storyboard in Resources */ = {isa = PBXBuildFile; fileRef = D0B9E3F21C0C11F1001DA60F /* LaunchScreen.storyboard */; };
		D0B9E3F91C0C11F2001DA60F /* pizzaAW WatchKit App.app in Embed Watch Content */ = {isa = PBXBuildFile; fileRef = D0B9E3F81C0C11F2001DA60F /* pizzaAW WatchKit App.app */; };
		D0B9E3FF1C0C11F2001DA60F /* Interface.storyboard in Resources */ = {isa = PBXBuildFile; fileRef = D0B9E3FD1C0C11F2001DA60F /* Interface.storyboard */; };
		D0B9E4011C0C11F2001DA60F /* Assets.xcassets in Resources */ = {isa = PBXBuildFile; fileRef = D0B9E4001C0C11F2001DA60F /* Assets.xcassets */; };
		D0B9E4081C0C11F2001DA60F /* pizzaAW WatchKit Extension.appex in Embed App Extensions */ = {isa = PBXBuildFile; fileRef = D0B9E4071C0C11F2001DA60F /* pizzaAW WatchKit Extension.appex */; settings = {ATTRIBUTES = (RemoveHeadersOnCopy, ); }; };
		D0B9E40F1C0C11F2001DA60F /* InterfaceController.swift in Sources */ = {isa = PBXBuildFile; fileRef = D0B9E40E1C0C11F2001DA60F /* InterfaceController.swift */; };
		D0B9E4111C0C11F2001DA60F /* ExtensionDelegate.swift in Sources */ = {isa = PBXBuildFile; fileRef = D0B9E4101C0C11F2001DA60F /* ExtensionDelegate.swift */; };
		D0B9E4131C0C11F2001DA60F /* NotificationController.swift in Sources */ = {isa = PBXBuildFile; fileRef = D0B9E4121C0C11F2001DA60F /* NotificationController.swift */; };
		D0B9E4151C0C11F2001DA60F /* GlanceController.swift in Sources */ = {isa = PBXBuildFile; fileRef = D0B9E4141C0C11F2001DA60F /* GlanceController.swift */; };
		D0B9E4171C0C11F2001DA60F /* Assets.xcassets in Resources */ = {isa = PBXBuildFile; fileRef = D0B9E4161C0C11F2001DA60F /* Assets.xcassets */; };
		D0B9E42A1C0C1E6D001DA60F /* Valores.swift in Sources */ = {isa = PBXBuildFile; fileRef = D0B9E4291C0C1E6C001DA60F /* Valores.swift */; };
		D0B9E42C1C0C21FE001DA60F /* vistaTamaño.swift in Sources */ = {isa = PBXBuildFile; fileRef = D0B9E42B1C0C21FE001DA60F /* vistaTamaño.swift */; };
/* End PBXBuildFile section */

/* Begin PBXContainerItemProxy section */
		D0B9E3FA1C0C11F2001DA60F /* PBXContainerItemProxy */ = {
			isa = PBXContainerItemProxy;
			containerPortal = D0B9E3DE1C0C11F1001DA60F /* Project object */;
			proxyType = 1;
			remoteGlobalIDString = D0B9E3F71C0C11F2001DA60F;
			remoteInfo = "pizzaAW WatchKit App";
		};
		D0B9E4091C0C11F2001DA60F /* PBXContainerItemProxy */ = {
			isa = PBXContainerItemProxy;
			containerPortal = D0B9E3DE1C0C11F1001DA60F /* Project object */;
			proxyType = 1;
			remoteGlobalIDString = D0B9E4061C0C11F2001DA60F;
			remoteInfo = "pizzaAW WatchKit Extension";
		};
/* End PBXContainerItemProxy section */

/* Begin PBXCopyFilesBuildPhase section */
		D0B9E41E1C0C11F2001DA60F /* Embed App Extensions */ = {
			isa = PBXCopyFilesBuildPhase;
			buildActionMask = 2147483647;
			dstPath = "";
			dstSubfolderSpec = 13;
			files = (
				D0B9E4081C0C11F2001DA60F /* pizzaAW WatchKit Extension.appex in Embed App Extensions */,
			);
			name = "Embed App Extensions";
			runOnlyForDeploymentPostprocessing = 0;
		};
		D0B9E4221C0C11F2001DA60F /* Embed Watch Content */ = {
			isa = PBXCopyFilesBuildPhase;
			buildActionMask = 2147483647;
			dstPath = "$(CONTENTS_FOLDER_PATH)/Watch";
			dstSubfolderSpec = 16;
			files = (
				D0B9E3F91C0C11F2001DA60F /* pizzaAW WatchKit App.app in Embed Watch Content */,
			);
			name = "Embed Watch Content";
			runOnlyForDeploymentPostprocessing = 0;
		};
/* End PBXCopyFilesBuildPhase section */

/* Begin PBXFileReference section */
		D01A63731C0FD8C200CE1764 /* vistaIngredientes.swift */ = {isa = PBXFileReference; fileEncoding = 4; lastKnownFileType = sourcecode.swift; path = vistaIngredientes.swift; sourceTree = "<group>"; };
		D0B413F01C0EB3B00080E816 /* vistaMasa.swift */ = {isa = PBXFileReference; fileEncoding = 4; lastKnownFileType = sourcecode.swift; path = vistaMasa.swift; sourceTree = "<group>"; };
		D0B413F21C0EC0B40080E816 /* vistaQueso.swift */ = {isa = PBXFileReference; fileEncoding = 4; lastKnownFileType = sourcecode.swift; path = vistaQueso.swift; sourceTree = "<group>"; };
		D0B9E3E61C0C11F1001DA60F /* pizzaAW.app */ = {isa = PBXFileReference; explicitFileType = wrapper.application; includeInIndex = 0; path = pizzaAW.app; sourceTree = BUILT_PRODUCTS_DIR; };
		D0B9E3E91C0C11F1001DA60F /* AppDelegate.swift */ = {isa = PBXFileReference; lastKnownFileType = sourcecode.swift; path = AppDelegate.swift; sourceTree = "<group>"; };
		D0B9E3EB1C0C11F1001DA60F /* ViewController.swift */ = {isa = PBXFileReference; lastKnownFileType = sourcecode.swift; path = ViewController.swift; sourceTree = "<group>"; };
		D0B9E3EE1C0C11F1001DA60F /* Base */ = {isa = PBXFileReference; lastKnownFileType = file.storyboard; name = Base; path = Base.lproj/Main.storyboard; sourceTree = "<group>"; };
		D0B9E3F01C0C11F1001DA60F /* Assets.xcassets */ = {isa = PBXFileReference; lastKnownFileType = folder.assetcatalog; path = Assets.xcassets; sourceTree = "<group>"; };
		D0B9E3F31C0C11F1001DA60F /* Base */ = {isa = PBXFileReference; lastKnownFileType = file.storyboard; name = Base; path = Base.lproj/LaunchScreen.storyboard; sourceTree = "<group>"; };
		D0B9E3F51C0C11F1001DA60F /* Info.plist */ = {isa = PBXFileReference; lastKnownFileType = text.plist.xml; path = Info.plist; sourceTree = "<group>"; };
		D0B9E3F81C0C11F2001DA60F /* pizzaAW WatchKit App.app */ = {isa = PBXFileReference; explicitFileType = wrapper.application; includeInIndex = 0; path = "pizzaAW WatchKit App.app"; sourceTree = BUILT_PRODUCTS_DIR; };
		D0B9E3FE1C0C11F2001DA60F /* Base */ = {isa = PBXFileReference; lastKnownFileType = file.storyboard; name = Base; path = Base.lproj/Interface.storyboard; sourceTree = "<group>"; };
		D0B9E4001C0C11F2001DA60F /* Assets.xcassets */ = {isa = PBXFileReference; lastKnownFileType = folder.assetcatalog; path = Assets.xcassets; sourceTree = "<group>"; };
		D0B9E4021C0C11F2001DA60F /* Info.plist */ = {isa = PBXFileReference; lastKnownFileType = text.plist.xml; path = Info.plist; sourceTree = "<group>"; };
		D0B9E4071C0C11F2001DA60F /* pizzaAW WatchKit Extension.appex */ = {isa = PBXFileReference; explicitFileType = "wrapper.app-extension"; includeInIndex = 0; path = "pizzaAW WatchKit Extension.appex"; sourceTree = BUILT_PRODUCTS_DIR; };
		D0B9E40D1C0C11F2001DA60F /* PushNotificationPayload.apns */ = {isa = PBXFileReference; lastKnownFileType = text; path = PushNotificationPayload.apns; sourceTree = "<group>"; };
		D0B9E40E1C0C11F2001DA60F /* InterfaceController.swift */ = {isa = PBXFileReference; lastKnownFileType = sourcecode.swift; path = InterfaceController.swift; sourceTree = "<group>"; };
		D0B9E4101C0C11F2001DA60F /* ExtensionDelegate.swift */ = {isa = PBXFileReference; lastKnownFileType = sourcecode.swift; path = ExtensionDelegate.swift; sourceTree = "<group>"; };
		D0B9E4121C0C11F2001DA60F /* NotificationController.swift */ = {isa = PBXFileReference; lastKnownFileType = sourcecode.swift; path = NotificationController.swift; sourceTree = "<group>"; };
		D0B9E4141C0C11F2001DA60F /* GlanceController.swift */ = {isa = PBXFileReference; lastKnownFileType = sourcecode.swift; path = GlanceController.swift; sourceTree = "<group>"; };
		D0B9E4161C0C11F2001DA60F /* Assets.xcassets */ = {isa = PBXFileReference; lastKnownFileType = folder.assetcatalog; path = Assets.xcassets; sourceTree = "<group>"; };
		D0B9E4181C0C11F2001DA60F /* Info.plist */ = {isa = PBXFileReference; lastKnownFileType = text.plist.xml; path = Info.plist; sourceTree = "<group>"; };
		D0B9E4291C0C1E6C001DA60F /* Valores.swift */ = {isa = PBXFileReference; fileEncoding = 4; lastKnownFileType = sourcecode.swift; path = Valores.swift; sourceTree = "<group>"; };
		D0B9E42B1C0C21FE001DA60F /* vistaTamaño.swift */ = {isa = PBXFileReference; fileEncoding = 4; lastKnownFileType = sourcecode.swift; path = "vistaTamaño.swift"; sourceTree = "<group>"; };
/* End PBXFileReference section */

/* Begin PBXFrameworksBuildPhase section */
		D0B9E3E31C0C11F1001DA60F /* Frameworks */ = {
			isa = PBXFrameworksBuildPhase;
			buildActionMask = 2147483647;
			files = (
			);
			runOnlyForDeploymentPostprocessing = 0;
		};
		D0B9E4041C0C11F2001DA60F /* Frameworks */ = {
			isa = PBXFrameworksBuildPhase;
			buildActionMask = 2147483647;
			files = (
			);
			runOnlyForDeploymentPostprocessing = 0;
		};
/* End PBXFrameworksBuildPhase section */

/* Begin PBXGroup section */
		D0B9E3DD1C0C11F1001DA60F = {
			isa = PBXGroup;
			children = (
				D0B9E3E81C0C11F1001DA60F /* pizzaAW */,
				D0B9E3FC1C0C11F2001DA60F /* pizzaAW WatchKit App */,
				D0B9E40B1C0C11F2001DA60F /* pizzaAW WatchKit Extension */,
				D0B9E3E71C0C11F1001DA60F /* Products */,
			);
			sourceTree = "<group>";
		};
		D0B9E3E71C0C11F1001DA60F /* Products */ = {
			isa = PBXGroup;
			children = (
				D0B9E3E61C0C11F1001DA60F /* pizzaAW.app */,
				D0B9E3F81C0C11F2001DA60F /* pizzaAW WatchKit App.app */,
				D0B9E4071C0C11F2001DA60F /* pizzaAW WatchKit Extension.appex */,
			);
			name = Products;
			sourceTree = "<group>";
		};
		D0B9E3E81C0C11F1001DA60F /* pizzaAW */ = {
			isa = PBXGroup;
			children = (
				D0B9E3E91C0C11F1001DA60F /* AppDelegate.swift */,
				D0B9E3EB1C0C11F1001DA60F /* ViewController.swift */,
				D0B9E3ED1C0C11F1001DA60F /* Main.storyboard */,
				D0B9E3F01C0C11F1001DA60F /* Assets.xcassets */,
				D0B9E3F21C0C11F1001DA60F /* LaunchScreen.storyboard */,
				D0B9E3F51C0C11F1001DA60F /* Info.plist */,
			);
			path = pizzaAW;
			sourceTree = "<group>";
		};
		D0B9E3FC1C0C11F2001DA60F /* pizzaAW WatchKit App */ = {
			isa = PBXGroup;
			children = (
				D0B9E3FD1C0C11F2001DA60F /* Interface.storyboard */,
				D0B9E4001C0C11F2001DA60F /* Assets.xcassets */,
				D0B9E4021C0C11F2001DA60F /* Info.plist */,
			);
			path = "pizzaAW WatchKit App";
			sourceTree = "<group>";
		};
		D0B9E40B1C0C11F2001DA60F /* pizzaAW WatchKit Extension */ = {
			isa = PBXGroup;
			children = (
				D0B9E40E1C0C11F2001DA60F /* InterfaceController.swift */,
				D0B9E4101C0C11F2001DA60F /* ExtensionDelegate.swift */,
				D0B9E4121C0C11F2001DA60F /* NotificationController.swift */,
				D0B9E4141C0C11F2001DA60F /* GlanceController.swift */,
				D0B9E4161C0C11F2001DA60F /* Assets.xcassets */,
				D0B9E4181C0C11F2001DA60F /* Info.plist */,
				D0B9E40C1C0C11F2001DA60F /* Supporting Files */,
				D0B9E4291C0C1E6C001DA60F /* Valores.swift */,
				D0B9E42B1C0C21FE001DA60F /* vistaTamaño.swift */,
				D0B413F01C0EB3B00080E816 /* vistaMasa.swift */,
				D0B413F21C0EC0B40080E816 /* vistaQueso.swift */,
				D01A63731C0FD8C200CE1764 /* vistaIngredientes.swift */,
			);
			path = "pizzaAW WatchKit Extension";
			sourceTree = "<group>";
		};
		D0B9E40C1C0C11F2001DA60F /* Supporting Files */ = {
			isa = PBXGroup;
			children = (
				D0B9E40D1C0C11F2001DA60F /* PushNotificationPayload.apns */,
			);
			name = "Supporting Files";
			sourceTree = "<group>";
		};
/* End PBXGroup section */

/* Begin PBXNativeTarget section */
		D0B9E3E51C0C11F1001DA60F /* pizzaAW */ = {
			isa = PBXNativeTarget;
			buildConfigurationList = D0B9E4231C0C11F2001DA60F /* Build configuration list for PBXNativeTarget "pizzaAW" */;
			buildPhases = (
				D0B9E3E21C0C11F1001DA60F /* Sources */,
				D0B9E3E31C0C11F1001DA60F /* Frameworks */,
				D0B9E3E41C0C11F1001DA60F /* Resources */,
				D0B9E4221C0C11F2001DA60F /* Embed Watch Content */,
			);
			buildRules = (
			);
			dependencies = (
				D0B9E3FB1C0C11F2001DA60F /* PBXTargetDependency */,
			);
			name = pizzaAW;
			productName = pizzaAW;
			productReference = D0B9E3E61C0C11F1001DA60F /* pizzaAW.app */;
			productType = "com.apple.product-type.application";
		};
		D0B9E3F71C0C11F2001DA60F /* pizzaAW WatchKit App */ = {
			isa = PBXNativeTarget;
			buildConfigurationList = D0B9E41F1C0C11F2001DA60F /* Build configuration list for PBXNativeTarget "pizzaAW WatchKit App" */;
			buildPhases = (
				D0B9E3F61C0C11F2001DA60F /* Resources */,
				D0B9E41E1C0C11F2001DA60F /* Embed App Extensions */,
			);
			buildRules = (
			);
			dependencies = (
				D0B9E40A1C0C11F2001DA60F /* PBXTargetDependency */,
			);
			name = "pizzaAW WatchKit App";
			productName = "pizzaAW WatchKit App";
			productReference = D0B9E3F81C0C11F2001DA60F /* pizzaAW WatchKit App.app */;
			productType = "com.apple.product-type.application.watchapp2";
		};
		D0B9E4061C0C11F2001DA60F /* pizzaAW WatchKit Extension */ = {
			isa = PBXNativeTarget;
			buildConfigurationList = D0B9E41B1C0C11F2001DA60F /* Build configuration list for PBXNativeTarget "pizzaAW WatchKit Extension" */;
			buildPhases = (
				D0B9E4031C0C11F2001DA60F /* Sources */,
				D0B9E4041C0C11F2001DA60F /* Frameworks */,
				D0B9E4051C0C11F2001DA60F /* Resources */,
			);
			buildRules = (
			);
			dependencies = (
			);
			name = "pizzaAW WatchKit Extension";
			productName = "pizzaAW WatchKit Extension";
			productReference = D0B9E4071C0C11F2001DA60F /* pizzaAW WatchKit Extension.appex */;
			productType = "com.apple.product-type.watchkit2-extension";
		};
/* End PBXNativeTarget section */

/* Begin PBXProject section */
		D0B9E3DE1C0C11F1001DA60F /* Project object */ = {
			isa = PBXProject;
			attributes = {
				LastSwiftUpdateCheck = 0710;
				LastUpgradeCheck = 0710;
				ORGANIZATIONNAME = "Carlos Concha";
				TargetAttributes = {
					D0B9E3E51C0C11F1001DA60F = {
						CreatedOnToolsVersion = 7.1.1;
					};
					D0B9E3F71C0C11F2001DA60F = {
						CreatedOnToolsVersion = 7.1.1;
					};
					D0B9E4061C0C11F2001DA60F = {
						CreatedOnToolsVersion = 7.1.1;
					};
				};
			};
			buildConfigurationList = D0B9E3E11C0C11F1001DA60F /* Build configuration list for PBXProject "pizzaAW" */;
			compatibilityVersion = "Xcode 3.2";
			developmentRegion = English;
			hasScannedForEncodings = 0;
			knownRegions = (
				en,
				Base,
			);
			mainGroup = D0B9E3DD1C0C11F1001DA60F;
			productRefGroup = D0B9E3E71C0C11F1001DA60F /* Products */;
			projectDirPath = "";
			projectRoot = "";
			targets = (
				D0B9E3E51C0C11F1001DA60F /* pizzaAW */,
				D0B9E3F71C0C11F2001DA60F /* pizzaAW WatchKit App */,
				D0B9E4061C0C11F2001DA60F /* pizzaAW WatchKit Extension */,
			);
		};
/* End PBXProject section */

/* Begin PBXResourcesBuildPhase section */
		D0B9E3E41C0C11F1001DA60F /* Resources */ = {
			isa = PBXResourcesBuildPhase;
			buildActionMask = 2147483647;
			files = (
				D0B9E3F41C0C11F1001DA60F /* LaunchScreen.storyboard in Resources */,
				D0B9E3F11C0C11F1001DA60F /* Assets.xcassets in Resources */,
				D0B9E3EF1C0C11F1001DA60F /* Main.storyboard in Resources */,
			);
			runOnlyForDeploymentPostprocessing = 0;
		};
		D0B9E3F61C0C11F2001DA60F /* Resources */ = {
			isa = PBXResourcesBuildPhase;
			buildActionMask = 2147483647;
			files = (
				D0B9E4011C0C11F2001DA60F /* Assets.xcassets in Resources */,
				D0B9E3FF1C0C11F2001DA60F /* Interface.storyboard in Resources */,
			);
			runOnlyForDeploymentPostprocessing = 0;
		};
		D0B9E4051C0C11F2001DA60F /* Resources */ = {
			isa = PBXResourcesBuildPhase;
			buildActionMask = 2147483647;
			files = (
				D0B9E4171C0C11F2001DA60F /* Assets.xcassets in Resources */,
			);
			runOnlyForDeploymentPostprocessing = 0;
		};
/* End PBXResourcesBuildPhase section */

/* Begin PBXSourcesBuildPhase section */
		D0B9E3E21C0C11F1001DA60F /* Sources */ = {
			isa = PBXSourcesBuildPhase;
			buildActionMask = 2147483647;
			files = (
				D0B9E3EC1C0C11F1001DA60F /* ViewController.swift in Sources */,
				D0B9E3EA1C0C11F1001DA60F /* AppDelegate.swift in Sources */,
			);
			runOnlyForDeploymentPostprocessing = 0;
		};
		D0B9E4031C0C11F2001DA60F /* Sources */ = {
			isa = PBXSourcesBuildPhase;
			buildActionMask = 2147483647;
			files = (
				D0B413F11C0EB3B00080E816 /* vistaMasa.swift in Sources */,
				D0B9E4131C0C11F2001DA60F /* NotificationController.swift in Sources */,
				D0B9E4111C0C11F2001DA60F /* ExtensionDelegate.swift in Sources */,
				D0B9E40F1C0C11F2001DA60F /* InterfaceController.swift in Sources */,
				D01A63741C0FD8C200CE1764 /* vistaIngredientes.swift in Sources */,
				D0B9E42C1C0C21FE001DA60F /* vistaTamaño.swift in Sources */,
				D0B9E4151C0C11F2001DA60F /* GlanceController.swift in Sources */,
				D0B9E42A1C0C1E6D001DA60F /* Valores.swift in Sources */,
				D0B413F31C0EC0B50080E816 /* vistaQueso.swift in Sources */,
			);
			runOnlyForDeploymentPostprocessing = 0;
		};
/* End PBXSourcesBuildPhase section */

/* Begin PBXTargetDependency section */
		D0B9E3FB1C0C11F2001DA60F /* PBXTargetDependency */ = {
			isa = PBXTargetDependency;
			target = D0B9E3F71C0C11F2001DA60F /* pizzaAW WatchKit App */;
			targetProxy = D0B9E3FA1C0C11F2001DA60F /* PBXContainerItemProxy */;
		};
		D0B9E40A1C0C11F2001DA60F /* PBXTargetDependency */ = {
			isa = PBXTargetDependency;
			target = D0B9E4061C0C11F2001DA60F /* pizzaAW WatchKit Extension */;
			targetProxy = D0B9E4091C0C11F2001DA60F /* PBXContainerItemProxy */;
		};
/* End PBXTargetDependency section */

/* Begin PBXVariantGroup section */
		D0B9E3ED1C0C11F1001DA60F /* Main.storyboard */ = {
			isa = PBXVariantGroup;
			children = (
				D0B9E3EE1C0C11F1001DA60F /* Base */,
			);
			name = Main.storyboard;
			sourceTree = "<group>";
		};
		D0B9E3F21C0C11F1001DA60F /* LaunchScreen.storyboard */ = {
			isa = PBXVariantGroup;
			children = (
				D0B9E3F31C0C11F1001DA60F /* Base */,
			);
			name = LaunchScreen.storyboard;
			sourceTree = "<group>";
		};
		D0B9E3FD1C0C11F2001DA60F /* Interface.storyboard */ = {
			isa = PBXVariantGroup;
			children = (
				D0B9E3FE1C0C11F2001DA60F /* Base */,
			);
			name = Interface.storyboard;
			sourceTree = "<group>";
		};
/* End PBXVariantGroup section */

/* Begin XCBuildConfiguration section */
		D0B9E4191C0C11F2001DA60F /* Debug */ = {
			isa = XCBuildConfiguration;
			buildSettings = {
				ALWAYS_SEARCH_USER_PATHS = NO;
				CLANG_CXX_LANGUAGE_STANDARD = "gnu++0x";
				CLANG_CXX_LIBRARY = "libc++";
				CLANG_ENABLE_MODULES = YES;
				CLANG_ENABLE_OBJC_ARC = YES;
				CLANG_WARN_BOOL_CONVERSION = YES;
				CLANG_WARN_CONSTANT_CONVERSION = YES;
				CLANG_WARN_DIRECT_OBJC_ISA_USAGE = YES_ERROR;
				CLANG_WARN_EMPTY_BODY = YES;
				CLANG_WARN_ENUM_CONVERSION = YES;
				CLANG_WARN_INT_CONVERSION = YES;
				CLANG_WARN_OBJC_ROOT_CLASS = YES_ERROR;
				CLANG_WARN_UNREACHABLE_CODE = YES;
				CLANG_WARN__DUPLICATE_METHOD_MATCH = YES;
				"CODE_SIGN_IDENTITY[sdk=iphoneos*]" = "iPhone Developer";
				COPY_PHASE_STRIP = NO;
				DEBUG_INFORMATION_FORMAT = dwarf;
				ENABLE_STRICT_OBJC_MSGSEND = YES;
				ENABLE_TESTABILITY = YES;
				GCC_C_LANGUAGE_STANDARD = gnu99;
				GCC_DYNAMIC_NO_PIC = NO;
				GCC_NO_COMMON_BLOCKS = YES;
				GCC_OPTIMIZATION_LEVEL = 0;
				GCC_PREPROCESSOR_DEFINITIONS = (
					"DEBUG=1",
					"$(inherited)",
				);
				GCC_WARN_64_TO_32_BIT_CONVERSION = YES;
				GCC_WARN_ABOUT_RETURN_TYPE = YES_ERROR;
				GCC_WARN_UNDECLARED_SELECTOR = YES;
				GCC_WARN_UNINITIALIZED_AUTOS = YES_AGGRESSIVE;
				GCC_WARN_UNUSED_FUNCTION = YES;
				GCC_WARN_UNUSED_VARIABLE = YES;
				IPHONEOS_DEPLOYMENT_TARGET = 9.1;
				MTL_ENABLE_DEBUG_INFO = YES;
				ONLY_ACTIVE_ARCH = YES;
				SDKROOT = iphoneos;
				SWIFT_OPTIMIZATION_LEVEL = "-Onone";
				TARGETED_DEVICE_FAMILY = "1,2";
			};
			name = Debug;
		};
		D0B9E41A1C0C11F2001DA60F /* Release */ = {
			isa = XCBuildConfiguration;
			buildSettings = {
				ALWAYS_SEARCH_USER_PATHS = NO;
				CLANG_CXX_LANGUAGE_STANDARD = "gnu++0x";
				CLANG_CXX_LIBRARY = "libc++";
				CLANG_ENABLE_MODULES = YES;
				CLANG_ENABLE_OBJC_ARC = YES;
				CLANG_WARN_BOOL_CONVERSION = YES;
				CLANG_WARN_CONSTANT_CONVERSION = YES;
				CLANG_WARN_DIRECT_OBJC_ISA_USAGE = YES_ERROR;
				CLANG_WARN_EMPTY_BODY = YES;
				CLANG_WARN_ENUM_CONVERSION = YES;
				CLANG_WARN_INT_CONVERSION = YES;
				CLANG_WARN_OBJC_ROOT_CLASS = YES_ERROR;
				CLANG_WARN_UNREACHABLE_CODE = YES;
				CLANG_WARN__DUPLICATE_METHOD_MATCH = YES;
				"CODE_SIGN_IDENTITY[sdk=iphoneos*]" = "iPhone Developer";
				COPY_PHASE_STRIP = NO;
				DEBUG_INFORMATION_FORMAT = "dwarf-with-dsym";
				ENABLE_NS_ASSERTIONS = NO;
				ENABLE_STRICT_OBJC_MSGSEND = YES;
				GCC_C_LANGUAGE_STANDARD = gnu99;
				GCC_NO_COMMON_BLOCKS = YES;
				GCC_WARN_64_TO_32_BIT_CONVERSION = YES;
				GCC_WARN_ABOUT_RETURN_TYPE = YES_ERROR;
				GCC_WARN_UNDECLARED_SELECTOR = YES;
				GCC_WARN_UNINITIALIZED_AUTOS = YES_AGGRESSIVE;
				GCC_WARN_UNUSED_FUNCTION = YES;
				GCC_WARN_UNUSED_VARIABLE = YES;
				IPHONEOS_DEPLOYMENT_TARGET = 9.1;
				MTL_ENABLE_DEBUG_INFO = NO;
				SDKROOT = iphoneos;
				TARGETED_DEVICE_FAMILY = "1,2";
				VALIDATE_PRODUCT = YES;
			};
			name = Release;
		};
		D0B9E41C1C0C11F2001DA60F /* Debug */ = {
			isa = XCBuildConfiguration;
			buildSettings = {
				INFOPLIST_FILE = "pizzaAW WatchKit Extension/Info.plist";
				LD_RUNPATH_SEARCH_PATHS = "$(inherited) @executable_path/Frameworks @executable_path/../../Frameworks";
				PRODUCT_BUNDLE_IDENTIFIER = pe.carloscm.pizzaAW.watchkitapp.watchkitextension;
				PRODUCT_NAME = "${TARGET_NAME}";
				SDKROOT = watchos;
				SKIP_INSTALL = YES;
				TARGETED_DEVICE_FAMILY = 4;
				WATCHOS_DEPLOYMENT_TARGET = 2.0;
			};
			name = Debug;
		};
		D0B9E41D1C0C11F2001DA60F /* Release */ = {
			isa = XCBuildConfiguration;
			buildSettings = {
				INFOPLIST_FILE = "pizzaAW WatchKit Extension/Info.plist";
				LD_RUNPATH_SEARCH_PATHS = "$(inherited) @executable_path/Frameworks @executable_path/../../Frameworks";
				PRODUCT_BUNDLE_IDENTIFIER = pe.carloscm.pizzaAW.watchkitapp.watchkitextension;
				PRODUCT_NAME = "${TARGET_NAME}";
				SDKROOT = watchos;
				SKIP_INSTALL = YES;
				TARGETED_DEVICE_FAMILY = 4;
				WATCHOS_DEPLOYMENT_TARGET = 2.0;
			};
			name = Release;
		};
		D0B9E4201C0C11F2001DA60F /* Debug */ = {
			isa = XCBuildConfiguration;
			buildSettings = {
				ASSETCATALOG_COMPILER_APPICON_NAME = AppIcon;
				EMBEDDED_CONTENT_CONTAINS_SWIFT = YES;
				IBSC_MODULE = pizzaAW_WatchKit_Extension;
				INFOPLIST_FILE = "pizzaAW WatchKit App/Info.plist";
				PRODUCT_BUNDLE_IDENTIFIER = pe.carloscm.pizzaAW.watchkitapp;
				PRODUCT_NAME = "$(TARGET_NAME)";
				SDKROOT = watchos;
				SKIP_INSTALL = YES;
				TARGETED_DEVICE_FAMILY = 4;
				WATCHOS_DEPLOYMENT_TARGET = 2.0;
			};
			name = Debug;
		};
		D0B9E4211C0C11F2001DA60F /* Release */ = {
			isa = XCBuildConfiguration;
			buildSettings = {
				ASSETCATALOG_COMPILER_APPICON_NAME = AppIcon;
				EMBEDDED_CONTENT_CONTAINS_SWIFT = YES;
				IBSC_MODULE = pizzaAW_WatchKit_Extension;
				INFOPLIST_FILE = "pizzaAW WatchKit App/Info.plist";
				PRODUCT_BUNDLE_IDENTIFIER = pe.carloscm.pizzaAW.watchkitapp;
				PRODUCT_NAME = "$(TARGET_NAME)";
				SDKROOT = watchos;
				SKIP_INSTALL = YES;
				TARGETED_DEVICE_FAMILY = 4;
				WATCHOS_DEPLOYMENT_TARGET = 2.0;
			};
			name = Release;
		};
		D0B9E4241C0C11F2001DA60F /* Debug */ = {
			isa = XCBuildConfiguration;
			buildSettings = {
				ASSETCATALOG_COMPILER_APPICON_NAME = AppIcon;
				INFOPLIST_FILE = pizzaAW/Info.plist;
				LD_RUNPATH_SEARCH_PATHS = "$(inherited) @executable_path/Frameworks";
				PRODUCT_BUNDLE_IDENTIFIER = pe.carloscm.pizzaAW;
				PRODUCT_NAME = "$(TARGET_NAME)";
			};
			name = Debug;
		};
		D0B9E4251C0C11F2001DA60F /* Release */ = {
			isa = XCBuildConfiguration;
			buildSettings = {
				ASSETCATALOG_COMPILER_APPICON_NAME = AppIcon;
				INFOPLIST_FILE = pizzaAW/Info.plist;
				LD_RUNPATH_SEARCH_PATHS = "$(inherited) @executable_path/Frameworks";
				PRODUCT_BUNDLE_IDENTIFIER = pe.carloscm.pizzaAW;
				PRODUCT_NAME = "$(TARGET_NAME)";
			};
			name = Release;
		};
/* End XCBuildConfiguration section */

/* Begin XCConfigurationList section */
		D0B9E3E11C0C11F1001DA60F /* Build configuration list for PBXProject "pizzaAW" */ = {
			isa = XCConfigurationList;
			buildConfigurations = (
				D0B9E4191C0C11F2001DA60F /* Debug */,
				D0B9E41A1C0C11F2001DA60F /* Release */,
			);
			defaultConfigurationIsVisible = 0;
			defaultConfigurationName = Release;
		};
		D0B9E41B1C0C11F2001DA60F /* Build configuration list for PBXNativeTarget "pizzaAW WatchKit Extension" */ = {
			isa = XCConfigurationList;
			buildConfigurations = (
				D0B9E41C1C0C11F2001DA60F /* Debug */,
				D0B9E41D1C0C11F2001DA60F /* Release */,
			);
			defaultConfigurationIsVisible = 0;
			defaultConfigurationName = Release;
		};
		D0B9E41F1C0C11F2001DA60F /* Build configuration list for PBXNativeTarget "pizzaAW WatchKit App" */ = {
			isa = XCConfigurationList;
			buildConfigurations = (
				D0B9E4201C0C11F2001DA60F /* Debug */,
				D0B9E4211C0C11F2001DA60F /* Release */,
			);
			defaultConfigurationIsVisible = 0;
			defaultConfigurationName = Release;
		};
		D0B9E4231C0C11F2001DA60F /* Build configuration list for PBXNativeTarget "pizzaAW" */ = {
			isa = XCConfigurationList;
			buildConfigurations = (
				D0B9E4241C0C11F2001DA60F /* Debug */,
				D0B9E4251C0C11F2001DA60F /* Release */,
			);
			defaultConfigurationIsVisible = 0;
			defaultConfigurationName = Release;
		};
/* End XCConfigurationList section */
	};
	rootObject = D0B9E3DE1C0C11F1001DA60F /* Project object */;
}
